{
  "name": "sing-canto",
  "lockfileVersion": 2,
  "requires": true,
  "packages": {
    "": {
      "dependencies": {
        "wux-weapp": "^3.9.0"
      }
    },
    "node_modules/wux-weapp": {
      "version": "3.11.3",
      "resolved": "https://registry.npmjs.org/wux-weapp/-/wux-weapp-3.11.3.tgz",
      "integrity": "sha512-HmxzvKTNuwaMGw9hii2sY/a1Dk/V6uClAD7Ew6/ZInvAeEXWdj0f+OgzeBRR/Hbpx4ebjIAtn17Ry9WnYsYRZA=="
    }
  },
  "dependencies": {
    "wux-weapp": {
      "version": "3.11.3",
      "resolved": "https://registry.npmjs.org/wux-weapp/-/wux-weapp-3.11.3.tgz",
      "integrity": "sha512-HmxzvKTNuwaMGw9hii2sY/a1Dk/V6uClAD7Ew6/ZInvAeEXWdj0f+OgzeBRR/Hbpx4ebjIAtn17Ry9WnYsYRZA=="
    }
  }
}
